
Microsoft Visual Studio Solution File, Format Version 12.00
# Visual Studio Version 17
VisualStudioVersion = 17.0.31903.59
MinimumVisualStudioVersion = 10.0.40219.1
Project("{FAE04EC0-301F-11D3-BF4B-00C04F79EFBC}") = "SafeBoda.Core", "SafeBoda.Core\SafeBoda.Core.csproj", "{0D007A41-0087-459B-92E2-2E4937EA13A3}"
EndProject
Project("{FAE04EC0-301F-11D3-BF4B-00C04F79EFBC}") = "SafeBoda.Application", "SafeBoda.Application\SafeBoda.Application.csproj", "{7D55D04E-F71F-4471-BE54-D8AA53D35983}"
EndProject
Global
	GlobalSection(SolutionProperties) = preSolution
		HideSolutionNode = FALSE
	EndGlobalSection
	GlobalSection(SolutionConfigurationPlatforms) = preSolution
		Debug|Any CPU = Debug|Any CPU
		Debug|x64 = Debug|x64
		Debug|x86 = Debug|x86
		Release|Any CPU = Release|Any CPU
		Release|x64 = Release|x64
		Release|x86 = Release|x86
	EndGlobalSection
	GlobalSection(ProjectConfigurationPlatforms) = postSolution
		{0D007A41-0087-459B-92E2-2E4937EA13A3}.Debug|Any CPU.ActiveCfg = Debug|Any CPU
		{0D007A41-0087-459B-92E2-2E4937EA13A3}.Debug|Any CPU.Build.0 = Debug|Any CPU
		{0D007A41-0087-459B-92E2-2E4937EA13A3}.Debug|x64.ActiveCfg = Debug|Any CPU
		{0D007A41-0087-459B-92E2-2E4937EA13A3}.Debug|x64.Build.0 = Debug|Any CPU
		{0D007A41-0087-459B-92E2-2E4937EA13A3}.Debug|x86.ActiveCfg = Debug|Any CPU
		{0D007A41-0087-459B-92E2-2E4937EA13A3}.Debug|x86.Build.0 = Debug|Any CPU
		{0D007A41-0087-459B-92E2-2E4937EA13A3}.Release|Any CPU.ActiveCfg = Release|Any CPU
		{0D007A41-0087-459B-92E2-2E4937EA13A3}.Release|Any CPU.Build.0 = Release|Any CPU
		{0D007A41-0087-459B-92E2-2E4937EA13A3}.Release|x64.ActiveCfg = Release|Any CPU
		{0D007A41-0087-459B-92E2-2E4937EA13A3}.Release|x64.Build.0 = Release|Any CPU
		{0D007A41-0087-459B-92E2-2E4937EA13A3}.Release|x86.ActiveCfg = Release|Any CPU
		{0D007A41-0087-459B-92E2-2E4937EA13A3}.Release|x86.Build.0 = Release|Any CPU
		{7D55D04E-F71F-4471-BE54-D8AA53D35983}.Debug|Any CPU.ActiveCfg = Debug|Any CPU
		{7D55D04E-F71F-4471-BE54-D8AA53D35983}.Debug|Any CPU.Build.0 = Debug|Any CPU
		{7D55D04E-F71F-4471-BE54-D8AA53D35983}.Debug|x64.ActiveCfg = Debug|Any CPU
		{7D55D04E-F71F-4471-BE54-D8AA53D35983}.Debug|x64.Build.0 = Debug|Any CPU
		{7D55D04E-F71F-4471-BE54-D8AA53D35983}.Debug|x86.ActiveCfg = Debug|Any CPU
		{7D55D04E-F71F-4471-BE54-D8AA53D35983}.Debug|x86.Build.0 = Debug|Any CPU
		{7D55D04E-F71F-4471-BE54-D8AA53D35983}.Release|Any CPU.ActiveCfg = Release|Any CPU
		{7D55D04E-F71F-4471-BE54-D8AA53D35983}.Release|Any CPU.Build.0 = Release|Any CPU
		{7D55D04E-F71F-4471-BE54-D8AA53D35983}.Release|x64.ActiveCfg = Release|Any CPU
		{7D55D04E-F71F-4471-BE54-D8AA53D35983}.Release|x64.Build.0 = Release|Any CPU
		{7D55D04E-F71F-4471-BE54-D8AA53D35983}.Release|x86.ActiveCfg = Release|Any CPU
		{7D55D04E-F71F-4471-BE54-D8AA53D35983}.Release|x86.Build.0 = Release|Any CPU
	EndGlobalSection
EndGlobal
